
Microsoft Visual Studio Solution File, Format Version 12.00
# Visual Studio Version 16
VisualStudioVersion = 16.0.30717.126
MinimumVisualStudioVersion = 10.0.40219.1
Project("{9A19103F-16F7-4668-BE54-9A1E7A4F7556}") = "NotaryService.DLL", "NotaryDatabaseDLL\NotaryService.DLL.csproj", "{37AF13BA-6C3D-41FD-8F73-419679CC9801}"
EndProject
Project("{9A19103F-16F7-4668-BE54-9A1E7A4F7556}") = "NotaryService.WebView", "NotaryDatabaseWebView\NotaryService.WebView.csproj", "{4D9E83E6-F83F-402A-8578-28FB80011F88}"
	ProjectSection(ProjectDependencies) = postProject
		{37AF13BA-6C3D-41FD-8F73-419679CC9801} = {37AF13BA-6C3D-41FD-8F73-419679CC9801}
		{9B167FD9-EFC7-4A3A-96DB-150E64B82D50} = {9B167FD9-EFC7-4A3A-96DB-150E64B82D50}
	EndProjectSection
EndProject
Project("{FAE04EC0-301F-11D3-BF4B-00C04F79EFBC}") = "NotaryService.Business", "NotaryService.Business\NotaryService.Business.csproj", "{9B167FD9-EFC7-4A3A-96DB-150E64B82D50}"
	ProjectSection(ProjectDependencies) = postProject
		{37AF13BA-6C3D-41FD-8F73-419679CC9801} = {37AF13BA-6C3D-41FD-8F73-419679CC9801}
	EndProjectSection
EndProject
Global
	GlobalSection(SolutionConfigurationPlatforms) = preSolution
		Debug|Any CPU = Debug|Any CPU
		Release|Any CPU = Release|Any CPU
	EndGlobalSection
	GlobalSection(ProjectConfigurationPlatforms) = postSolution
		{37AF13BA-6C3D-41FD-8F73-419679CC9801}.Debug|Any CPU.ActiveCfg = Debug|Any CPU
		{37AF13BA-6C3D-41FD-8F73-419679CC9801}.Debug|Any CPU.Build.0 = Debug|Any CPU
		{37AF13BA-6C3D-41FD-8F73-419679CC9801}.Release|Any CPU.ActiveCfg = Release|Any CPU
		{37AF13BA-6C3D-41FD-8F73-419679CC9801}.Release|Any CPU.Build.0 = Release|Any CPU
		{4D9E83E6-F83F-402A-8578-28FB80011F88}.Debug|Any CPU.ActiveCfg = Debug|Any CPU
		{4D9E83E6-F83F-402A-8578-28FB80011F88}.Debug|Any CPU.Build.0 = Debug|Any CPU
		{4D9E83E6-F83F-402A-8578-28FB80011F88}.Release|Any CPU.ActiveCfg = Release|Any CPU
		{4D9E83E6-F83F-402A-8578-28FB80011F88}.Release|Any CPU.Build.0 = Release|Any CPU
		{9B167FD9-EFC7-4A3A-96DB-150E64B82D50}.Debug|Any CPU.ActiveCfg = Debug|Any CPU
		{9B167FD9-EFC7-4A3A-96DB-150E64B82D50}.Debug|Any CPU.Build.0 = Debug|Any CPU
		{9B167FD9-EFC7-4A3A-96DB-150E64B82D50}.Release|Any CPU.ActiveCfg = Release|Any CPU
		{9B167FD9-EFC7-4A3A-96DB-150E64B82D50}.Release|Any CPU.Build.0 = Release|Any CPU
	EndGlobalSection
	GlobalSection(SolutionProperties) = preSolution
		HideSolutionNode = FALSE
	EndGlobalSection
	GlobalSection(ExtensibilityGlobals) = postSolution
		SolutionGuid = {E5E38154-F16B-4381-8116-C6C501316629}
	EndGlobalSection
EndGlobal
